// !$*UTF8*$!
{
	archiveVersion = 1;
	classes = {
	};
	objectVersion = 55;
	objects = {

/* Begin PBXBuildFile section */
		E359151C28BE4F9A00CE1CB3 /* FruitDetailView.swift in Sources */ = {isa = PBXBuildFile; fileRef = E359151B28BE4F9A00CE1CB3 /* FruitDetailView.swift */; };
		E398C7C528BF346B0049164B /* FruitHeaderView.swift in Sources */ = {isa = PBXBuildFile; fileRef = E398C7C428BF346B0049164B /* FruitHeaderView.swift */; };
		E398C7C728BF3BD10049164B /* SourceLinkView.swift in Sources */ = {isa = PBXBuildFile; fileRef = E398C7C628BF3BD10049164B /* SourceLinkView.swift */; };
		E398C7C928BF6C210049164B /* FruitNutrientsView.swift in Sources */ = {isa = PBXBuildFile; fileRef = E398C7C828BF6C210049164B /* FruitNutrientsView.swift */; };
		E398C7CB28BF780A0049164B /* SettingsView.swift in Sources */ = {isa = PBXBuildFile; fileRef = E398C7CA28BF780A0049164B /* SettingsView.swift */; };
		E398C7CE28BF83250049164B /* SettingsLabelView.swift in Sources */ = {isa = PBXBuildFile; fileRef = E398C7CD28BF83250049164B /* SettingsLabelView.swift */; };
		E398C7D028BFA2380049164B /* SettingsRowView.swift in Sources */ = {isa = PBXBuildFile; fileRef = E398C7CF28BFA2380049164B /* SettingsRowView.swift */; };
		E399D18228B8D5CA00873859 /* FructusApp.swift in Sources */ = {isa = PBXBuildFile; fileRef = E399D18128B8D5CA00873859 /* FructusApp.swift */; };
		E399D18428B8D5CA00873859 /* ContentView.swift in Sources */ = {isa = PBXBuildFile; fileRef = E399D18328B8D5CA00873859 /* ContentView.swift */; };
		E399D18628B8D5CD00873859 /* Assets.xcassets in Resources */ = {isa = PBXBuildFile; fileRef = E399D18528B8D5CD00873859 /* Assets.xcassets */; };
		E399D18928B8D5CD00873859 /* Preview Assets.xcassets in Resources */ = {isa = PBXBuildFile; fileRef = E399D18828B8D5CD00873859 /* Preview Assets.xcassets */; };
		E399D19228B8FDA900873859 /* FruitCardView.swift in Sources */ = {isa = PBXBuildFile; fileRef = E399D19128B8FDA900873859 /* FruitCardView.swift */; };
		E399D19428B90C5100873859 /* StartButtonView.swift in Sources */ = {isa = PBXBuildFile; fileRef = E399D19328B90C5100873859 /* StartButtonView.swift */; };
		E399D19628B9149500873859 /* OnboardingView.swift in Sources */ = {isa = PBXBuildFile; fileRef = E399D19528B9149500873859 /* OnboardingView.swift */; };
		E399D19928B9316A00873859 /* FruitModel.swift in Sources */ = {isa = PBXBuildFile; fileRef = E399D19828B9316A00873859 /* FruitModel.swift */; };
		E399D19C28B935B800873859 /* FruitData.swift in Sources */ = {isa = PBXBuildFile; fileRef = E399D19B28B935B800873859 /* FruitData.swift */; };
		E3B6399B28BA64630072A74E /* FruitRowView.swift in Sources */ = {isa = PBXBuildFile; fileRef = E3B6399A28BA64630072A74E /* FruitRowView.swift */; };
/* End PBXBuildFile section */

/* Begin PBXFileReference section */
		E359151B28BE4F9A00CE1CB3 /* FruitDetailView.swift */ = {isa = PBXFileReference; lastKnownFileType = sourcecode.swift; path = FruitDetailView.swift; sourceTree = "<group>"; };
		E398C7C428BF346B0049164B /* FruitHeaderView.swift */ = {isa = PBXFileReference; lastKnownFileType = sourcecode.swift; path = FruitHeaderView.swift; sourceTree = "<group>"; };
		E398C7C628BF3BD10049164B /* SourceLinkView.swift */ = {isa = PBXFileReference; lastKnownFileType = sourcecode.swift; path = SourceLinkView.swift; sourceTree = "<group>"; };
		E398C7C828BF6C210049164B /* FruitNutrientsView.swift */ = {isa = PBXFileReference; lastKnownFileType = sourcecode.swift; path = FruitNutrientsView.swift; sourceTree = "<group>"; };
		E398C7CA28BF780A0049164B /* SettingsView.swift */ = {isa = PBXFileReference; lastKnownFileType = sourcecode.swift; path = SettingsView.swift; sourceTree = "<group>"; };
		E398C7CD28BF83250049164B /* SettingsLabelView.swift */ = {isa = PBXFileReference; lastKnownFileType = sourcecode.swift; path = SettingsLabelView.swift; sourceTree = "<group>"; };
		E398C7CF28BFA2380049164B /* SettingsRowView.swift */ = {isa = PBXFileReference; lastKnownFileType = sourcecode.swift; path = SettingsRowView.swift; sourceTree = "<group>"; };
		E399D17E28B8D5CA00873859 /* Fructus.app */ = {isa = PBXFileReference; explicitFileType = wrapper.application; includeInIndex = 0; path = Fructus.app; sourceTree = BUILT_PRODUCTS_DIR; };
		E399D18128B8D5CA00873859 /* FructusApp.swift */ = {isa = PBXFileReference; lastKnownFileType = sourcecode.swift; path = FructusApp.swift; sourceTree = "<group>"; };
		E399D18328B8D5CA00873859 /* ContentView.swift */ = {isa = PBXFileReference; lastKnownFileType = sourcecode.swift; path = ContentView.swift; sourceTree = "<group>"; };
		E399D18528B8D5CD00873859 /* Assets.xcassets */ = {isa = PBXFileReference; lastKnownFileType = folder.assetcatalog; path = Assets.xcassets; sourceTree = "<group>"; };
		E399D18828B8D5CD00873859 /* Preview Assets.xcassets */ = {isa = PBXFileReference; lastKnownFileType = folder.assetcatalog; path = "Preview Assets.xcassets"; sourceTree = "<group>"; };
		E399D19128B8FDA900873859 /* FruitCardView.swift */ = {isa = PBXFileReference; lastKnownFileType = sourcecode.swift; path = FruitCardView.swift; sourceTree = "<group>"; };
		E399D19328B90C5100873859 /* StartButtonView.swift */ = {isa = PBXFileReference; lastKnownFileType = sourcecode.swift; path = StartButtonView.swift; sourceTree = "<group>"; };
		E399D19528B9149500873859 /* OnboardingView.swift */ = {isa = PBXFileReference; lastKnownFileType = sourcecode.swift; path = OnboardingView.swift; sourceTree = "<group>"; };
		E399D19828B9316A00873859 /* FruitModel.swift */ = {isa = PBXFileReference; lastKnownFileType = sourcecode.swift; path = FruitModel.swift; sourceTree = "<group>"; };
		E399D19B28B935B800873859 /* FruitData.swift */ = {isa = PBXFileReference; lastKnownFileType = sourcecode.swift; path = FruitData.swift; sourceTree = "<group>"; };
		E3B6399A28BA64630072A74E /* FruitRowView.swift */ = {isa = PBXFileReference; lastKnownFileType = sourcecode.swift; path = FruitRowView.swift; sourceTree = "<group>"; };
/* End PBXFileReference section */

/* Begin PBXFrameworksBuildPhase section */
		E399D17B28B8D5CA00873859 /* Frameworks */ = {
			isa = PBXFrameworksBuildPhase;
			buildActionMask = 2147483647;
			files = (
			);
			runOnlyForDeploymentPostprocessing = 0;
		};
/* End PBXFrameworksBuildPhase section */

/* Begin PBXGroup section */
		E399D17528B8D5CA00873859 = {
			isa = PBXGroup;
			children = (
				E399D18028B8D5CA00873859 /* Fructus */,
				E399D17F28B8D5CA00873859 /* Products */,
			);
			sourceTree = "<group>";
		};
		E399D17F28B8D5CA00873859 /* Products */ = {
			isa = PBXGroup;
			children = (
				E399D17E28B8D5CA00873859 /* Fructus.app */,
			);
			name = Products;
			sourceTree = "<group>";
		};
		E399D18028B8D5CA00873859 /* Fructus */ = {
			isa = PBXGroup;
			children = (
				E399D19A28B933BE00873859 /* Data */,
				E399D19728B9313700873859 /* Model */,
				E399D19028B8FD6400873859 /* View */,
				E399D18F28B8FD1600873859 /* App */,
				E399D18528B8D5CD00873859 /* Assets.xcassets */,
				E399D18728B8D5CD00873859 /* Preview Content */,
			);
			path = Fructus;
			sourceTree = "<group>";
		};
		E399D18728B8D5CD00873859 /* Preview Content */ = {
			isa = PBXGroup;
			children = (
				E399D18828B8D5CD00873859 /* Preview Assets.xcassets */,
			);
			path = "Preview Content";
			sourceTree = "<group>";
		};
		E399D18F28B8FD1600873859 /* App */ = {
			isa = PBXGroup;
			children = (
				E399D18128B8D5CA00873859 /* FructusApp.swift */,
				E399D18328B8D5CA00873859 /* ContentView.swift */,
				E399D19528B9149500873859 /* OnboardingView.swift */,
				E359151B28BE4F9A00CE1CB3 /* FruitDetailView.swift */,
				E398C7CA28BF780A0049164B /* SettingsView.swift */,
			);
			path = App;
			sourceTree = "<group>";
		};
		E399D19028B8FD6400873859 /* View */ = {
			isa = PBXGroup;
			children = (
				E399D19128B8FDA900873859 /* FruitCardView.swift */,
				E399D19328B90C5100873859 /* StartButtonView.swift */,
				E3B6399A28BA64630072A74E /* FruitRowView.swift */,
				E398C7C428BF346B0049164B /* FruitHeaderView.swift */,
				E398C7C628BF3BD10049164B /* SourceLinkView.swift */,
				E398C7C828BF6C210049164B /* FruitNutrientsView.swift */,
				E398C7CD28BF83250049164B /* SettingsLabelView.swift */,
				E398C7CF28BFA2380049164B /* SettingsRowView.swift */,
			);
			path = View;
			sourceTree = "<group>";
		};
		E399D19728B9313700873859 /* Model */ = {
			isa = PBXGroup;
			children = (
				E399D19828B9316A00873859 /* FruitModel.swift */,
			);
			path = Model;
			sourceTree = "<group>";
		};
		E399D19A28B933BE00873859 /* Data */ = {
			isa = PBXGroup;
			children = (
				E399D19B28B935B800873859 /* FruitData.swift */,
			);
			path = Data;
			sourceTree = "<group>";
		};
/* End PBXGroup section */

/* Begin PBXNativeTarget section */
		E399D17D28B8D5CA00873859 /* Fructus */ = {
			isa = PBXNativeTarget;
			buildConfigurationList = E399D18C28B8D5CD00873859 /* Build configuration list for PBXNativeTarget "Fructus" */;
			buildPhases = (
				E399D17A28B8D5CA00873859 /* Sources */,
				E399D17B28B8D5CA00873859 /* Frameworks */,
				E399D17C28B8D5CA00873859 /* Resources */,
			);
			buildRules = (
			);
			dependencies = (
			);
			name = Fructus;
			productName = Fructus;
			productReference = E399D17E28B8D5CA00873859 /* Fructus.app */;
			productType = "com.apple.product-type.application";
		};
/* End PBXNativeTarget section */

/* Begin PBXProject section */
		E399D17628B8D5CA00873859 /* Project object */ = {
			isa = PBXProject;
			attributes = {
				BuildIndependentTargetsInParallel = 1;
				LastSwiftUpdateCheck = 1340;
				LastUpgradeCheck = 1340;
				TargetAttributes = {
					E399D17D28B8D5CA00873859 = {
						CreatedOnToolsVersion = 13.4.1;
					};
				};
			};
			buildConfigurationList = E399D17928B8D5CA00873859 /* Build configuration list for PBXProject "Fructus" */;
			compatibilityVersion = "Xcode 13.0";
			developmentRegion = en;
			hasScannedForEncodings = 0;
			knownRegions = (
				en,
				Base,
			);
			mainGroup = E399D17528B8D5CA00873859;
			productRefGroup = E399D17F28B8D5CA00873859 /* Products */;
			projectDirPath = "";
			projectRoot = "";
			targets = (
				E399D17D28B8D5CA00873859 /* Fructus */,
			);
		};
/* End PBXProject section */

/* Begin PBXResourcesBuildPhase section */
		E399D17C28B8D5CA00873859 /* Resources */ = {
			isa = PBXResourcesBuildPhase;
			buildActionMask = 2147483647;
			files = (
				E399D18928B8D5CD00873859 /* Preview Assets.xcassets in Resources */,
				E399D18628B8D5CD00873859 /* Assets.xcassets in Resources */,
			);
			runOnlyForDeploymentPostprocessing = 0;
		};
/* End PBXResourcesBuildPhase section */

/* Begin PBXSourcesBuildPhase section */
		E399D17A28B8D5CA00873859 /* Sources */ = {
			isa = PBXSourcesBuildPhase;
			buildActionMask = 2147483647;
			files = (
				E399D19C28B935B800873859 /* FruitData.swift in Sources */,
				E398C7C728BF3BD10049164B /* SourceLinkView.swift in Sources */,
				E398C7D028BFA2380049164B /* SettingsRowView.swift in Sources */,
				E399D19228B8FDA900873859 /* FruitCardView.swift in Sources */,
				E3B6399B28BA64630072A74E /* FruitRowView.swift in Sources */,
				E398C7C928BF6C210049164B /* FruitNutrientsView.swift in Sources */,
				E399D19428B90C5100873859 /* StartButtonView.swift in Sources */,
				E359151C28BE4F9A00CE1CB3 /* FruitDetailView.swift in Sources */,
				E399D18428B8D5CA00873859 /* ContentView.swift in Sources */,
				E398C7C528BF346B0049164B /* FruitHeaderView.swift in Sources */,
				E399D19628B9149500873859 /* OnboardingView.swift in Sources */,
				E398C7CE28BF83250049164B /* SettingsLabelView.swift in Sources */,
				E399D19928B9316A00873859 /* FruitModel.swift in Sources */,
				E399D18228B8D5CA00873859 /* FructusApp.swift in Sources */,
				E398C7CB28BF780A0049164B /* SettingsView.swift in Sources */,
			);
			runOnlyForDeploymentPostprocessing = 0;
		};
/* End PBXSourcesBuildPhase section */

/* Begin XCBuildConfiguration section */
		E399D18A28B8D5CD00873859 /* Debug */ = {
			isa = XCBuildConfiguration;
			buildSettings = {
				ALWAYS_SEARCH_USER_PATHS = NO;
				CLANG_ANALYZER_NONNULL = YES;
				CLANG_ANALYZER_NUMBER_OBJECT_CONVERSION = YES_AGGRESSIVE;
				CLANG_CXX_LANGUAGE_STANDARD = "gnu++17";
				CLANG_ENABLE_MODULES = YES;
				CLANG_ENABLE_OBJC_ARC = YES;
				CLANG_ENABLE_OBJC_WEAK = YES;
				CLANG_WARN_BLOCK_CAPTURE_AUTORELEASING = YES;
				CLANG_WARN_BOOL_CONVERSION = YES;
				CLANG_WARN_COMMA = YES;
				CLANG_WARN_CONSTANT_CONVERSION = YES;
				CLANG_WARN_DEPRECATED_OBJC_IMPLEMENTATIONS = YES;
				CLANG_WARN_DIRECT_OBJC_ISA_USAGE = YES_ERROR;
				CLANG_WARN_DOCUMENTATION_COMMENTS = YES;
				CLANG_WARN_EMPTY_BODY = YES;
				CLANG_WARN_ENUM_CONVERSION = YES;
				CLANG_WARN_INFINITE_RECURSION = YES;
				CLANG_WARN_INT_CONVERSION = YES;
				CLANG_WARN_NON_LITERAL_NULL_CONVERSION = YES;
				CLANG_WARN_OBJC_IMPLICIT_RETAIN_SELF = YES;
				CLANG_WARN_OBJC_LITERAL_CONVERSION = YES;
				CLANG_WARN_OBJC_ROOT_CLASS = YES_ERROR;
				CLANG_WARN_QUOTED_INCLUDE_IN_FRAMEWORK_HEADER = YES;
				CLANG_WARN_RANGE_LOOP_ANALYSIS = YES;
				CLANG_WARN_STRICT_PROTOTYPES = YES;
				CLANG_WARN_SUSPICIOUS_MOVE = YES;
				CLANG_WARN_UNGUARDED_AVAILABILITY = YES_AGGRESSIVE;
				CLANG_WARN_UNREACHABLE_CODE = YES;
				CLANG_WARN__DUPLICATE_METHOD_MATCH = YES;
				COPY_PHASE_STRIP = NO;
				DEBUG_INFORMATION_FORMAT = dwarf;
				ENABLE_STRICT_OBJC_MSGSEND = YES;
				ENABLE_TESTABILITY = YES;
				GCC_C_LANGUAGE_STANDARD = gnu11;
				GCC_DYNAMIC_NO_PIC = NO;
				GCC_NO_COMMON_BLOCKS = YES;
				GCC_OPTIMIZATION_LEVEL = 0;
				GCC_PREPROCESSOR_DEFINITIONS = (
					"DEBUG=1",
					"$(inherited)",
				);
				GCC_WARN_64_TO_32_BIT_CONVERSION = YES;
				GCC_WARN_ABOUT_RETURN_TYPE = YES_ERROR;
				GCC_WARN_UNDECLARED_SELECTOR = YES;
				GCC_WARN_UNINITIALIZED_AUTOS = YES_AGGRESSIVE;
				GCC_WARN_UNUSED_FUNCTION = YES;
				GCC_WARN_UNUSED_VARIABLE = YES;
				IPHONEOS_DEPLOYMENT_TARGET = 15.5;
				MTL_ENABLE_DEBUG_INFO = INCLUDE_SOURCE;
				MTL_FAST_MATH = YES;
				ONLY_ACTIVE_ARCH = YES;
				SDKROOT = iphoneos;
				SWIFT_ACTIVE_COMPILATION_CONDITIONS = DEBUG;
				SWIFT_OPTIMIZATION_LEVEL = "-Onone";
			};
			name = Debug;
		};
		E399D18B28B8D5CD00873859 /* Release */ = {
			isa = XCBuildConfiguration;
			buildSettings = {
				ALWAYS_SEARCH_USER_PATHS = NO;
				CLANG_ANALYZER_NONNULL = YES;
				CLANG_ANALYZER_NUMBER_OBJECT_CONVERSION = YES_AGGRESSIVE;
				CLANG_CXX_LANGUAGE_STANDARD = "gnu++17";
				CLANG_ENABLE_MODULES = YES;
				CLANG_ENABLE_OBJC_ARC = YES;
				CLANG_ENABLE_OBJC_WEAK = YES;
				CLANG_WARN_BLOCK_CAPTURE_AUTORELEASING = YES;
				CLANG_WARN_BOOL_CONVERSION = YES;
				CLANG_WARN_COMMA = YES;
				CLANG_WARN_CONSTANT_CONVERSION = YES;
				CLANG_WARN_DEPRECATED_OBJC_IMPLEMENTATIONS = YES;
				CLANG_WARN_DIRECT_OBJC_ISA_USAGE = YES_ERROR;
				CLANG_WARN_DOCUMENTATION_COMMENTS = YES;
				CLANG_WARN_EMPTY_BODY = YES;
				CLANG_WARN_ENUM_CONVERSION = YES;
				CLANG_WARN_INFINITE_RECURSION = YES;
				CLANG_WARN_INT_CONVERSION = YES;
				CLANG_WARN_NON_LITERAL_NULL_CONVERSION = YES;
				CLANG_WARN_OBJC_IMPLICIT_RETAIN_SELF = YES;
				CLANG_WARN_OBJC_LITERAL_CONVERSION = YES;
				CLANG_WARN_OBJC_ROOT_CLASS = YES_ERROR;
				CLANG_WARN_QUOTED_INCLUDE_IN_FRAMEWORK_HEADER = YES;
				CLANG_WARN_RANGE_LOOP_ANALYSIS = YES;
				CLANG_WARN_STRICT_PROTOTYPES = YES;
				CLANG_WARN_SUSPICIOUS_MOVE = YES;
				CLANG_WARN_UNGUARDED_AVAILABILITY = YES_AGGRESSIVE;
				CLANG_WARN_UNREACHABLE_CODE = YES;
				CLANG_WARN__DUPLICATE_METHOD_MATCH = YES;
				COPY_PHASE_STRIP = NO;
				DEBUG_INFORMATION_FORMAT = "dwarf-with-dsym";
				ENABLE_NS_ASSERTIONS = NO;
				ENABLE_STRICT_OBJC_MSGSEND = YES;
				GCC_C_LANGUAGE_STANDARD = gnu11;
				GCC_NO_COMMON_BLOCKS = YES;
				GCC_WARN_64_TO_32_BIT_CONVERSION = YES;
				GCC_WARN_ABOUT_RETURN_TYPE = YES_ERROR;
				GCC_WARN_UNDECLARED_SELECTOR = YES;
				GCC_WARN_UNINITIALIZED_AUTOS = YES_AGGRESSIVE;
				GCC_WARN_UNUSED_FUNCTION = YES;
				GCC_WARN_UNUSED_VARIABLE = YES;
				IPHONEOS_DEPLOYMENT_TARGET = 15.5;
				MTL_ENABLE_DEBUG_INFO = NO;
				MTL_FAST_MATH = YES;
				SDKROOT = iphoneos;
				SWIFT_COMPILATION_MODE = wholemodule;
				SWIFT_OPTIMIZATION_LEVEL = "-O";
				VALIDATE_PRODUCT = YES;
			};
			name = Release;
		};
		E399D18D28B8D5CD00873859 /* Debug */ = {
			isa = XCBuildConfiguration;
			buildSettings = {
				ASSETCATALOG_COMPILER_APPICON_NAME = AppIcon;
				ASSETCATALOG_COMPILER_GLOBAL_ACCENT_COLOR_NAME = AccentColor;
				CODE_SIGN_STYLE = Automatic;
				CURRENT_PROJECT_VERSION = 1;
				DEVELOPMENT_ASSET_PATHS = "\"Fructus/Preview Content\"";
				DEVELOPMENT_TEAM = FB7Y8XZHL8;
				ENABLE_PREVIEWS = YES;
				GENERATE_INFOPLIST_FILE = YES;
				INFOPLIST_KEY_UIApplicationSceneManifest_Generation = YES;
				INFOPLIST_KEY_UIApplicationSupportsIndirectInputEvents = YES;
				INFOPLIST_KEY_UILaunchScreen_Generation = YES;
				INFOPLIST_KEY_UISupportedInterfaceOrientations = UIInterfaceOrientationPortrait;
				INFOPLIST_KEY_UISupportedInterfaceOrientations_iPad = "UIInterfaceOrientationPortrait UIInterfaceOrientationPortraitUpsideDown UIInterfaceOrientationLandscapeLeft UIInterfaceOrientationLandscapeRight";
				INFOPLIST_KEY_UISupportedInterfaceOrientations_iPhone = "UIInterfaceOrientationPortrait UIInterfaceOrientationLandscapeLeft UIInterfaceOrientationLandscapeRight";
				LD_RUNPATH_SEARCH_PATHS = (
					"$(inherited)",
					"@executable_path/Frameworks",
				);
				MARKETING_VERSION = 1.0;
				PRODUCT_BUNDLE_IDENTIFIER = com.elifbeyza.Fructus;
				PRODUCT_NAME = "$(TARGET_NAME)";
				SWIFT_EMIT_LOC_STRINGS = YES;
				SWIFT_VERSION = 5.0;
				TARGETED_DEVICE_FAMILY = "1,2";
			};
			name = Debug;
		};
		E399D18E28B8D5CD00873859 /* Release */ = {
			isa = XCBuildConfiguration;
			buildSettings = {
				ASSETCATALOG_COMPILER_APPICON_NAME = AppIcon;
				ASSETCATALOG_COMPILER_GLOBAL_ACCENT_COLOR_NAME = AccentColor;
				CODE_SIGN_STYLE = Automatic;
				CURRENT_PROJECT_VERSION = 1;
				DEVELOPMENT_ASSET_PATHS = "\"Fructus/Preview Content\"";
				DEVELOPMENT_TEAM = FB7Y8XZHL8;
				ENABLE_PREVIEWS = YES;
				GENERATE_INFOPLIST_FILE = YES;
				INFOPLIST_KEY_UIApplicationSceneManifest_Generation = YES;
				INFOPLIST_KEY_UIApplicationSupportsIndirectInputEvents = YES;
				INFOPLIST_KEY_UILaunchScreen_Generation = YES;
				INFOPLIST_KEY_UISupportedInterfaceOrientations = UIInterfaceOrientationPortrait;
				INFOPLIST_KEY_UISupportedInterfaceOrientations_iPad = "UIInterfaceOrientationPortrait UIInterfaceOrientationPortraitUpsideDown UIInterfaceOrientationLandscapeLeft UIInterfaceOrientationLandscapeRight";
				INFOPLIST_KEY_UISupportedInterfaceOrientations_iPhone = "UIInterfaceOrientationPortrait UIInterfaceOrientationLandscapeLeft UIInterfaceOrientationLandscapeRight";
				LD_RUNPATH_SEARCH_PATHS = (
					"$(inherited)",
					"@executable_path/Frameworks",
				);
				MARKETING_VERSION = 1.0;
				PRODUCT_BUNDLE_IDENTIFIER = com.elifbeyza.Fructus;
				PRODUCT_NAME = "$(TARGET_NAME)";
				SWIFT_EMIT_LOC_STRINGS = YES;
				SWIFT_VERSION = 5.0;
				TARGETED_DEVICE_FAMILY = "1,2";
			};
			name = Release;
		};
/* End XCBuildConfiguration section */

/* Begin XCConfigurationList section */
		E399D17928B8D5CA00873859 /* Build configuration list for PBXProject "Fructus" */ = {
			isa = XCConfigurationList;
			buildConfigurations = (
				E399D18A28B8D5CD00873859 /* Debug */,
				E399D18B28B8D5CD00873859 /* Release */,
			);
			defaultConfigurationIsVisible = 0;
			defaultConfigurationName = Release;
		};
		E399D18C28B8D5CD00873859 /* Build configuration list for PBXNativeTarget "Fructus" */ = {
			isa = XCConfigurationList;
			buildConfigurations = (
				E399D18D28B8D5CD00873859 /* Debug */,
				E399D18E28B8D5CD00873859 /* Release */,
			);
			defaultConfigurationIsVisible = 0;
			defaultConfigurationName = Release;
		};
/* End XCConfigurationList section */
	};
	rootObject = E399D17628B8D5CA00873859 /* Project object */;
}
